
Microsoft Visual Studio Solution File, Format Version 12.00
# Visual Studio Version 17
VisualStudioVersion = 17.4.33110.190
MinimumVisualStudioVersion = 10.0.40219.1
Project("{9A19103F-16F7-4668-BE54-9A1E7A4F7556}") = "bytebank", "bytebank\bytebank.csproj", "{95753D91-37F3-4CBF-8142-2C13AF5B1043}"
EndProject
Global
	GlobalSection(SolutionConfigurationPlatforms) = preSolution
		Debug|Any CPU = Debug|Any CPU
		Release|Any CPU = Release|Any CPU
	EndGlobalSection
	GlobalSection(ProjectConfigurationPlatforms) = postSolution
		{95753D91-37F3-4CBF-8142-2C13AF5B1043}.Debug|Any CPU.ActiveCfg = Debug|Any CPU
		{95753D91-37F3-4CBF-8142-2C13AF5B1043}.Debug|Any CPU.Build.0 = Debug|Any CPU
		{95753D91-37F3-4CBF-8142-2C13AF5B1043}.Release|Any CPU.ActiveCfg = Release|Any CPU
		{95753D91-37F3-4CBF-8142-2C13AF5B1043}.Release|Any CPU.Build.0 = Release|Any CPU
	EndGlobalSection
	GlobalSection(SolutionProperties) = preSolution
		HideSolutionNode = FALSE
	EndGlobalSection
	GlobalSection(ExtensibilityGlobals) = postSolution
		SolutionGuid = {FE4E2F76-8AB2-4928-94DC-1BCA6077F01C}
	EndGlobalSection
EndGlobal
